
Microsoft Visual Studio Solution File, Format Version 12.00
# Visual Studio 15
VisualStudioVersion = 15.0.28010.2050
MinimumVisualStudioVersion = 10.0.40219.1
Project("{FAE04EC0-301F-11D3-BF4B-00C04F79EFBC}") = "C1XfFlexGridSelectionMenu.Android", "C1XfFlexGridSelectionMenu\C1XfFlexGridSelectionMenu.Android\C1XfFlexGridSelectionMenu.Android.csproj", "{94D36C1E-DDF4-471B-A267-3FC490FE17DE}"
EndProject
Project("{FAE04EC0-301F-11D3-BF4B-00C04F79EFBC}") = "C1XfFlexGridSelectionMenu.iOS", "C1XfFlexGridSelectionMenu\C1XfFlexGridSelectionMenu.iOS\C1XfFlexGridSelectionMenu.iOS.csproj", "{C22B8FC6-7AD7-412A-B0A6-D7DA17BB74B2}"
EndProject
Project("{FAE04EC0-301F-11D3-BF4B-00C04F79EFBC}") = "C1XfFlexGridSelectionMenu.UWP", "C1XfFlexGridSelectionMenu\C1XfFlexGridSelectionMenu.UWP\C1XfFlexGridSelectionMenu.UWP.csproj", "{1AB1ABA2-8EBB-4E0B-9B0C-491B0C84195B}"
EndProject
Project("{FAE04EC0-301F-11D3-BF4B-00C04F79EFBC}") = "C1XfFlexGridSelectionMenu", "C1XfFlexGridSelectionMenu\C1XfFlexGridSelectionMenu\C1XfFlexGridSelectionMenu.csproj", "{EAA26EA8-29E1-4469-B517-7A4EB3D30F68}"
EndProject
Global
	GlobalSection(SolutionConfigurationPlatforms) = preSolution
		Ad-Hoc|Any CPU = Ad-Hoc|Any CPU
		Ad-Hoc|ARM = Ad-Hoc|ARM
		Ad-Hoc|iPhone = Ad-Hoc|iPhone
		Ad-Hoc|iPhoneSimulator = Ad-Hoc|iPhoneSimulator
		Ad-Hoc|x64 = Ad-Hoc|x64
		Ad-Hoc|x86 = Ad-Hoc|x86
		AppStore|Any CPU = AppStore|Any CPU
		AppStore|ARM = AppStore|ARM
		AppStore|iPhone = AppStore|iPhone
		AppStore|iPhoneSimulator = AppStore|iPhoneSimulator
		AppStore|x64 = AppStore|x64
		AppStore|x86 = AppStore|x86
		Debug|Any CPU = Debug|Any CPU
		Debug|ARM = Debug|ARM
		Debug|iPhone = Debug|iPhone
		Debug|iPhoneSimulator = Debug|iPhoneSimulator
		Debug|x64 = Debug|x64
		Debug|x86 = Debug|x86
		Release|Any CPU = Release|Any CPU
		Release|ARM = Release|ARM
		Release|iPhone = Release|iPhone
		Release|iPhoneSimulator = Release|iPhoneSimulator
		Release|x64 = Release|x64
		Release|x86 = Release|x86
	EndGlobalSection
	GlobalSection(ProjectConfigurationPlatforms) = postSolution
		{94D36C1E-DDF4-471B-A267-3FC490FE17DE}.Ad-Hoc|Any CPU.ActiveCfg = Release|Any CPU
		{94D36C1E-DDF4-471B-A267-3FC490FE17DE}.Ad-Hoc|Any CPU.Build.0 = Release|Any CPU
		{94D36C1E-DDF4-471B-A267-3FC490FE17DE}.Ad-Hoc|Any CPU.Deploy.0 = Release|Any CPU
		{94D36C1E-DDF4-471B-A267-3FC490FE17DE}.Ad-Hoc|ARM.ActiveCfg = Release|Any CPU
		{94D36C1E-DDF4-471B-A267-3FC490FE17DE}.Ad-Hoc|ARM.Build.0 = Release|Any CPU
		{94D36C1E-DDF4-471B-A267-3FC490FE17DE}.Ad-Hoc|ARM.Deploy.0 = Release|Any CPU
		{94D36C1E-DDF4-471B-A267-3FC490FE17DE}.Ad-Hoc|iPhone.ActiveCfg = Release|Any CPU
		{94D36C1E-DDF4-471B-A267-3FC490FE17DE}.Ad-Hoc|iPhone.Build.0 = Release|Any CPU
		{94D36C1E-DDF4-471B-A267-3FC490FE17DE}.Ad-Hoc|iPhone.Deploy.0 = Release|Any CPU
		{94D36C1E-DDF4-471B-A267-3FC490FE17DE}.Ad-Hoc|iPhoneSimulator.ActiveCfg = Release|Any CPU
		{94D36C1E-DDF4-471B-A267-3FC490FE17DE}.Ad-Hoc|iPhoneSimulator.Build.0 = Release|Any CPU
		{94D36C1E-DDF4-471B-A267-3FC490FE17DE}.Ad-Hoc|iPhoneSimulator.Deploy.0 = Release|Any CPU
		{94D36C1E-DDF4-471B-A267-3FC490FE17DE}.Ad-Hoc|x64.ActiveCfg = Release|Any CPU
		{94D36C1E-DDF4-471B-A267-3FC490FE17DE}.Ad-Hoc|x64.Build.0 = Release|Any CPU
		{94D36C1E-DDF4-471B-A267-3FC490FE17DE}.Ad-Hoc|x64.Deploy.0 = Release|Any CPU
		{94D36C1E-DDF4-471B-A267-3FC490FE17DE}.Ad-Hoc|x86.ActiveCfg = Release|Any CPU
		{94D36C1E-DDF4-471B-A267-3FC490FE17DE}.Ad-Hoc|x86.Build.0 = Release|Any CPU
		{94D36C1E-DDF4-471B-A267-3FC490FE17DE}.Ad-Hoc|x86.Deploy.0 = Release|Any CPU
		{94D36C1E-DDF4-471B-A267-3FC490FE17DE}.AppStore|Any CPU.ActiveCfg = Release|Any CPU
		{94D36C1E-DDF4-471B-A267-3FC490FE17DE}.AppStore|Any CPU.Build.0 = Release|Any CPU
		{94D36C1E-DDF4-471B-A267-3FC490FE17DE}.AppStore|Any CPU.Deploy.0 = Release|Any CPU
		{94D36C1E-DDF4-471B-A267-3FC490FE17DE}.AppStore|ARM.ActiveCfg = Release|Any CPU
		{94D36C1E-DDF4-471B-A267-3FC490FE17DE}.AppStore|ARM.Build.0 = Release|Any CPU
		{94D36C1E-DDF4-471B-A267-3FC490FE17DE}.AppStore|ARM.Deploy.0 = Release|Any CPU
		{94D36C1E-DDF4-471B-A267-3FC490FE17DE}.AppStore|iPhone.ActiveCfg = Release|Any CPU
		{94D36C1E-DDF4-471B-A267-3FC490FE17DE}.AppStore|iPhone.Build.0 = Release|Any CPU
		{94D36C1E-DDF4-471B-A267-3FC490FE17DE}.AppStore|iPhone.Deploy.0 = Release|Any CPU
		{94D36C1E-DDF4-471B-A267-3FC490FE17DE}.AppStore|iPhoneSimulator.ActiveCfg = Release|Any CPU
		{94D36C1E-DDF4-471B-A267-3FC490FE17DE}.AppStore|iPhoneSimulator.Build.0 = Release|Any CPU
		{94D36C1E-DDF4-471B-A267-3FC490FE17DE}.AppStore|iPhoneSimulator.Deploy.0 = Release|Any CPU
		{94D36C1E-DDF4-471B-A267-3FC490FE17DE}.AppStore|x64.ActiveCfg = Release|Any CPU
		{94D36C1E-DDF4-471B-A267-3FC490FE17DE}.AppStore|x64.Build.0 = Release|Any CPU
		{94D36C1E-DDF4-471B-A267-3FC490FE17DE}.AppStore|x64.Deploy.0 = Release|Any CPU
		{94D36C1E-DDF4-471B-A267-3FC490FE17DE}.AppStore|x86.ActiveCfg = Release|Any CPU
		{94D36C1E-DDF4-471B-A267-3FC490FE17DE}.AppStore|x86.Build.0 = Release|Any CPU
		{94D36C1E-DDF4-471B-A267-3FC490FE17DE}.AppStore|x86.Deploy.0 = Release|Any CPU
		{94D36C1E-DDF4-471B-A267-3FC490FE17DE}.Debug|Any CPU.ActiveCfg = Debug|Any CPU
		{94D36C1E-DDF4-471B-A267-3FC490FE17DE}.Debug|Any CPU.Build.0 = Debug|Any CPU
		{94D36C1E-DDF4-471B-A267-3FC490FE17DE}.Debug|Any CPU.Deploy.0 = Debug|Any CPU
		{94D36C1E-DDF4-471B-A267-3FC490FE17DE}.Debug|ARM.ActiveCfg = Debug|Any CPU
		{94D36C1E-DDF4-471B-A267-3FC490FE17DE}.Debug|ARM.Build.0 = Debug|Any CPU
		{94D36C1E-DDF4-471B-A267-3FC490FE17DE}.Debug|ARM.Deploy.0 = Debug|Any CPU
		{94D36C1E-DDF4-471B-A267-3FC490FE17DE}.Debug|iPhone.ActiveCfg = Debug|Any CPU
		{94D36C1E-DDF4-471B-A267-3FC490FE17DE}.Debug|iPhone.Build.0 = Debug|Any CPU
		{94D36C1E-DDF4-471B-A267-3FC490FE17DE}.Debug|iPhone.Deploy.0 = Debug|Any CPU
		{94D36C1E-DDF4-471B-A267-3FC490FE17DE}.Debug|iPhoneSimulator.ActiveCfg = Debug|Any CPU
		{94D36C1E-DDF4-471B-A267-3FC490FE17DE}.Debug|x64.ActiveCfg = Debug|Any CPU
		{94D36C1E-DDF4-471B-A267-3FC490FE17DE}.Debug|x64.Build.0 = Debug|Any CPU
		{94D36C1E-DDF4-471B-A267-3FC490FE17DE}.Debug|x64.Deploy.0 = Debug|Any CPU
		{94D36C1E-DDF4-471B-A267-3FC490FE17DE}.Debug|x86.ActiveCfg = Debug|Any CPU
		{94D36C1E-DDF4-471B-A267-3FC490FE17DE}.Release|Any CPU.ActiveCfg = Release|Any CPU
		{94D36C1E-DDF4-471B-A267-3FC490FE17DE}.Release|Any CPU.Build.0 = Release|Any CPU
		{94D36C1E-DDF4-471B-A267-3FC490FE17DE}.Release|Any CPU.Deploy.0 = Release|Any CPU
		{94D36C1E-DDF4-471B-A267-3FC490FE17DE}.Release|ARM.ActiveCfg = Release|Any CPU
		{94D36C1E-DDF4-471B-A267-3FC490FE17DE}.Release|ARM.Build.0 = Release|Any CPU
		{94D36C1E-DDF4-471B-A267-3FC490FE17DE}.Release|ARM.Deploy.0 = Release|Any CPU
		{94D36C1E-DDF4-471B-A267-3FC490FE17DE}.Release|iPhone.ActiveCfg = Release|Any CPU
		{94D36C1E-DDF4-471B-A267-3FC490FE17DE}.Release|iPhone.Build.0 = Release|Any CPU
		{94D36C1E-DDF4-471B-A267-3FC490FE17DE}.Release|iPhone.Deploy.0 = Release|Any CPU
		{94D36C1E-DDF4-471B-A267-3FC490FE17DE}.Release|iPhoneSimulator.ActiveCfg = Release|Any CPU
		{94D36C1E-DDF4-471B-A267-3FC490FE17DE}.Release|iPhoneSimulator.Build.0 = Release|Any CPU
		{94D36C1E-DDF4-471B-A267-3FC490FE17DE}.Release|iPhoneSimulator.Deploy.0 = Release|Any CPU
		{94D36C1E-DDF4-471B-A267-3FC490FE17DE}.Release|x64.ActiveCfg = Release|Any CPU
		{94D36C1E-DDF4-471B-A267-3FC490FE17DE}.Release|x64.Build.0 = Release|Any CPU
		{94D36C1E-DDF4-471B-A267-3FC490FE17DE}.Release|x64.Deploy.0 = Release|Any CPU
		{94D36C1E-DDF4-471B-A267-3FC490FE17DE}.Release|x86.ActiveCfg = Release|Any CPU
		{94D36C1E-DDF4-471B-A267-3FC490FE17DE}.Release|x86.Build.0 = Release|Any CPU
		{94D36C1E-DDF4-471B-A267-3FC490FE17DE}.Release|x86.Deploy.0 = Release|Any CPU
		{C22B8FC6-7AD7-412A-B0A6-D7DA17BB74B2}.Ad-Hoc|Any CPU.ActiveCfg = Ad-Hoc|iPhone
		{C22B8FC6-7AD7-412A-B0A6-D7DA17BB74B2}.Ad-Hoc|Any CPU.Build.0 = Ad-Hoc|iPhone
		{C22B8FC6-7AD7-412A-B0A6-D7DA17BB74B2}.Ad-Hoc|Any CPU.Deploy.0 = Ad-Hoc|iPhone
		{C22B8FC6-7AD7-412A-B0A6-D7DA17BB74B2}.Ad-Hoc|ARM.ActiveCfg = Ad-Hoc|iPhone
		{C22B8FC6-7AD7-412A-B0A6-D7DA17BB74B2}.Ad-Hoc|ARM.Build.0 = Ad-Hoc|iPhone
		{C22B8FC6-7AD7-412A-B0A6-D7DA17BB74B2}.Ad-Hoc|ARM.Deploy.0 = Ad-Hoc|iPhone
		{C22B8FC6-7AD7-412A-B0A6-D7DA17BB74B2}.Ad-Hoc|iPhone.ActiveCfg = Ad-Hoc|iPhone
		{C22B8FC6-7AD7-412A-B0A6-D7DA17BB74B2}.Ad-Hoc|iPhone.Build.0 = Ad-Hoc|iPhone
		{C22B8FC6-7AD7-412A-B0A6-D7DA17BB74B2}.Ad-Hoc|iPhone.Deploy.0 = Ad-Hoc|iPhone
		{C22B8FC6-7AD7-412A-B0A6-D7DA17BB74B2}.Ad-Hoc|iPhoneSimulator.ActiveCfg = Ad-Hoc|iPhoneSimulator
		{C22B8FC6-7AD7-412A-B0A6-D7DA17BB74B2}.Ad-Hoc|iPhoneSimulator.Build.0 = Ad-Hoc|iPhoneSimulator
		{C22B8FC6-7AD7-412A-B0A6-D7DA17BB74B2}.Ad-Hoc|iPhoneSimulator.Deploy.0 = Ad-Hoc|iPhoneSimulator
		{C22B8FC6-7AD7-412A-B0A6-D7DA17BB74B2}.Ad-Hoc|x64.ActiveCfg = Ad-Hoc|iPhone
		{C22B8FC6-7AD7-412A-B0A6-D7DA17BB74B2}.Ad-Hoc|x64.Build.0 = Ad-Hoc|iPhone
		{C22B8FC6-7AD7-412A-B0A6-D7DA17BB74B2}.Ad-Hoc|x64.Deploy.0 = Ad-Hoc|iPhone
		{C22B8FC6-7AD7-412A-B0A6-D7DA17BB74B2}.Ad-Hoc|x86.ActiveCfg = Ad-Hoc|iPhone
		{C22B8FC6-7AD7-412A-B0A6-D7DA17BB74B2}.Ad-Hoc|x86.Build.0 = Ad-Hoc|iPhone
		{C22B8FC6-7AD7-412A-B0A6-D7DA17BB74B2}.Ad-Hoc|x86.Deploy.0 = Ad-Hoc|iPhone
		{C22B8FC6-7AD7-412A-B0A6-D7DA17BB74B2}.AppStore|Any CPU.ActiveCfg = AppStore|iPhone
		{C22B8FC6-7AD7-412A-B0A6-D7DA17BB74B2}.AppStore|Any CPU.Build.0 = AppStore|iPhone
		{C22B8FC6-7AD7-412A-B0A6-D7DA17BB74B2}.AppStore|Any CPU.Deploy.0 = AppStore|iPhone
		{C22B8FC6-7AD7-412A-B0A6-D7DA17BB74B2}.AppStore|ARM.ActiveCfg = AppStore|iPhone
		{C22B8FC6-7AD7-412A-B0A6-D7DA17BB74B2}.AppStore|ARM.Build.0 = AppStore|iPhone
		{C22B8FC6-7AD7-412A-B0A6-D7DA17BB74B2}.AppStore|ARM.Deploy.0 = AppStore|iPhone
		{C22B8FC6-7AD7-412A-B0A6-D7DA17BB74B2}.AppStore|iPhone.ActiveCfg = AppStore|iPhone
		{C22B8FC6-7AD7-412A-B0A6-D7DA17BB74B2}.AppStore|iPhone.Build.0 = AppStore|iPhone
		{C22B8FC6-7AD7-412A-B0A6-D7DA17BB74B2}.AppStore|iPhone.Deploy.0 = AppStore|iPhone
		{C22B8FC6-7AD7-412A-B0A6-D7DA17BB74B2}.AppStore|iPhoneSimulator.ActiveCfg = AppStore|iPhoneSimulator
		{C22B8FC6-7AD7-412A-B0A6-D7DA17BB74B2}.AppStore|iPhoneSimulator.Build.0 = AppStore|iPhoneSimulator
		{C22B8FC6-7AD7-412A-B0A6-D7DA17BB74B2}.AppStore|iPhoneSimulator.Deploy.0 = AppStore|iPhoneSimulator
		{C22B8FC6-7AD7-412A-B0A6-D7DA17BB74B2}.AppStore|x64.ActiveCfg = AppStore|iPhone
		{C22B8FC6-7AD7-412A-B0A6-D7DA17BB74B2}.AppStore|x64.Build.0 = AppStore|iPhone
		{C22B8FC6-7AD7-412A-B0A6-D7DA17BB74B2}.AppStore|x64.Deploy.0 = AppStore|iPhone
		{C22B8FC6-7AD7-412A-B0A6-D7DA17BB74B2}.AppStore|x86.ActiveCfg = AppStore|iPhone
		{C22B8FC6-7AD7-412A-B0A6-D7DA17BB74B2}.AppStore|x86.Build.0 = AppStore|iPhone
		{C22B8FC6-7AD7-412A-B0A6-D7DA17BB74B2}.AppStore|x86.Deploy.0 = AppStore|iPhone
		{C22B8FC6-7AD7-412A-B0A6-D7DA17BB74B2}.Debug|Any CPU.ActiveCfg = Debug|iPhoneSimulator
		{C22B8FC6-7AD7-412A-B0A6-D7DA17BB74B2}.Debug|Any CPU.Deploy.0 = Debug|iPhoneSimulator
		{C22B8FC6-7AD7-412A-B0A6-D7DA17BB74B2}.Debug|ARM.ActiveCfg = Debug|iPhone
		{C22B8FC6-7AD7-412A-B0A6-D7DA17BB74B2}.Debug|ARM.Build.0 = Debug|iPhone
		{C22B8FC6-7AD7-412A-B0A6-D7DA17BB74B2}.Debug|ARM.Deploy.0 = Debug|iPhone
		{C22B8FC6-7AD7-412A-B0A6-D7DA17BB74B2}.Debug|iPhone.ActiveCfg = Debug|iPhone
		{C22B8FC6-7AD7-412A-B0A6-D7DA17BB74B2}.Debug|iPhone.Build.0 = Debug|iPhone
		{C22B8FC6-7AD7-412A-B0A6-D7DA17BB74B2}.Debug|iPhone.Deploy.0 = Debug|iPhone
		{C22B8FC6-7AD7-412A-B0A6-D7DA17BB74B2}.Debug|iPhoneSimulator.ActiveCfg = Debug|iPhoneSimulator
		{C22B8FC6-7AD7-412A-B0A6-D7DA17BB74B2}.Debug|iPhoneSimulator.Build.0 = Debug|iPhoneSimulator
		{C22B8FC6-7AD7-412A-B0A6-D7DA17BB74B2}.Debug|iPhoneSimulator.Deploy.0 = Debug|iPhoneSimulator
		{C22B8FC6-7AD7-412A-B0A6-D7DA17BB74B2}.Debug|x64.ActiveCfg = Debug|iPhone
		{C22B8FC6-7AD7-412A-B0A6-D7DA17BB74B2}.Debug|x64.Build.0 = Debug|iPhone
		{C22B8FC6-7AD7-412A-B0A6-D7DA17BB74B2}.Debug|x64.Deploy.0 = Debug|iPhone
		{C22B8FC6-7AD7-412A-B0A6-D7DA17BB74B2}.Debug|x86.ActiveCfg = Debug|iPhone
		{C22B8FC6-7AD7-412A-B0A6-D7DA17BB74B2}.Debug|x86.Deploy.0 = Debug|iPhone
		{C22B8FC6-7AD7-412A-B0A6-D7DA17BB74B2}.Release|Any CPU.ActiveCfg = Release|iPhone
		{C22B8FC6-7AD7-412A-B0A6-D7DA17BB74B2}.Release|Any CPU.Build.0 = Release|iPhone
		{C22B8FC6-7AD7-412A-B0A6-D7DA17BB74B2}.Release|Any CPU.Deploy.0 = Release|iPhone
		{C22B8FC6-7AD7-412A-B0A6-D7DA17BB74B2}.Release|ARM.ActiveCfg = Release|iPhone
		{C22B8FC6-7AD7-412A-B0A6-D7DA17BB74B2}.Release|ARM.Build.0 = Release|iPhone
		{C22B8FC6-7AD7-412A-B0A6-D7DA17BB74B2}.Release|ARM.Deploy.0 = Release|iPhone
		{C22B8FC6-7AD7-412A-B0A6-D7DA17BB74B2}.Release|iPhone.ActiveCfg = Release|iPhone
		{C22B8FC6-7AD7-412A-B0A6-D7DA17BB74B2}.Release|iPhone.Build.0 = Release|iPhone
		{C22B8FC6-7AD7-412A-B0A6-D7DA17BB74B2}.Release|iPhone.Deploy.0 = Release|iPhone
		{C22B8FC6-7AD7-412A-B0A6-D7DA17BB74B2}.Release|iPhoneSimulator.ActiveCfg = Release|iPhoneSimulator
		{C22B8FC6-7AD7-412A-B0A6-D7DA17BB74B2}.Release|iPhoneSimulator.Build.0 = Release|iPhoneSimulator
		{C22B8FC6-7AD7-412A-B0A6-D7DA17BB74B2}.Release|iPhoneSimulator.Deploy.0 = Release|iPhoneSimulator
		{C22B8FC6-7AD7-412A-B0A6-D7DA17BB74B2}.Release|x64.ActiveCfg = Release|iPhone
		{C22B8FC6-7AD7-412A-B0A6-D7DA17BB74B2}.Release|x64.Build.0 = Release|iPhone
		{C22B8FC6-7AD7-412A-B0A6-D7DA17BB74B2}.Release|x64.Deploy.0 = Release|iPhone
		{C22B8FC6-7AD7-412A-B0A6-D7DA17BB74B2}.Release|x86.ActiveCfg = Release|iPhone
		{C22B8FC6-7AD7-412A-B0A6-D7DA17BB74B2}.Release|x86.Build.0 = Release|iPhone
		{C22B8FC6-7AD7-412A-B0A6-D7DA17BB74B2}.Release|x86.Deploy.0 = Release|iPhone
		{1AB1ABA2-8EBB-4E0B-9B0C-491B0C84195B}.Ad-Hoc|Any CPU.ActiveCfg = Release|x86
		{1AB1ABA2-8EBB-4E0B-9B0C-491B0C84195B}.Ad-Hoc|Any CPU.Build.0 = Release|x86
		{1AB1ABA2-8EBB-4E0B-9B0C-491B0C84195B}.Ad-Hoc|Any CPU.Deploy.0 = Release|x86
		{1AB1ABA2-8EBB-4E0B-9B0C-491B0C84195B}.Ad-Hoc|ARM.ActiveCfg = Release|ARM
		{1AB1ABA2-8EBB-4E0B-9B0C-491B0C84195B}.Ad-Hoc|ARM.Build.0 = Release|ARM
		{1AB1ABA2-8EBB-4E0B-9B0C-491B0C84195B}.Ad-Hoc|ARM.Deploy.0 = Release|ARM
		{1AB1ABA2-8EBB-4E0B-9B0C-491B0C84195B}.Ad-Hoc|iPhone.ActiveCfg = Release|x86
		{1AB1ABA2-8EBB-4E0B-9B0C-491B0C84195B}.Ad-Hoc|iPhone.Build.0 = Release|x86
		{1AB1ABA2-8EBB-4E0B-9B0C-491B0C84195B}.Ad-Hoc|iPhone.Deploy.0 = Release|x86
		{1AB1ABA2-8EBB-4E0B-9B0C-491B0C84195B}.Ad-Hoc|iPhoneSimulator.ActiveCfg = Release|x86
		{1AB1ABA2-8EBB-4E0B-9B0C-491B0C84195B}.Ad-Hoc|iPhoneSimulator.Build.0 = Release|x86
		{1AB1ABA2-8EBB-4E0B-9B0C-491B0C84195B}.Ad-Hoc|iPhoneSimulator.Deploy.0 = Release|x86
		{1AB1ABA2-8EBB-4E0B-9B0C-491B0C84195B}.Ad-Hoc|x64.ActiveCfg = Release|x64
		{1AB1ABA2-8EBB-4E0B-9B0C-491B0C84195B}.Ad-Hoc|x64.Build.0 = Release|x64
		{1AB1ABA2-8EBB-4E0B-9B0C-491B0C84195B}.Ad-Hoc|x64.Deploy.0 = Release|x64
		{1AB1ABA2-8EBB-4E0B-9B0C-491B0C84195B}.Ad-Hoc|x86.ActiveCfg = Release|x86
		{1AB1ABA2-8EBB-4E0B-9B0C-491B0C84195B}.Ad-Hoc|x86.Build.0 = Release|x86
		{1AB1ABA2-8EBB-4E0B-9B0C-491B0C84195B}.Ad-Hoc|x86.Deploy.0 = Release|x86
		{1AB1ABA2-8EBB-4E0B-9B0C-491B0C84195B}.AppStore|Any CPU.ActiveCfg = Release|x86
		{1AB1ABA2-8EBB-4E0B-9B0C-491B0C84195B}.AppStore|Any CPU.Build.0 = Release|x86
		{1AB1ABA2-8EBB-4E0B-9B0C-491B0C84195B}.AppStore|Any CPU.Deploy.0 = Release|x86
		{1AB1ABA2-8EBB-4E0B-9B0C-491B0C84195B}.AppStore|ARM.ActiveCfg = Release|ARM
		{1AB1ABA2-8EBB-4E0B-9B0C-491B0C84195B}.AppStore|ARM.Build.0 = Release|ARM
		{1AB1ABA2-8EBB-4E0B-9B0C-491B0C84195B}.AppStore|ARM.Deploy.0 = Release|ARM
		{1AB1ABA2-8EBB-4E0B-9B0C-491B0C84195B}.AppStore|iPhone.ActiveCfg = Release|x86
		{1AB1ABA2-8EBB-4E0B-9B0C-491B0C84195B}.AppStore|iPhone.Build.0 = Release|x86
		{1AB1ABA2-8EBB-4E0B-9B0C-491B0C84195B}.AppStore|iPhone.Deploy.0 = Release|x86
		{1AB1ABA2-8EBB-4E0B-9B0C-491B0C84195B}.AppStore|iPhoneSimulator.ActiveCfg = Release|x86
		{1AB1ABA2-8EBB-4E0B-9B0C-491B0C84195B}.AppStore|iPhoneSimulator.Build.0 = Release|x86
		{1AB1ABA2-8EBB-4E0B-9B0C-491B0C84195B}.AppStore|iPhoneSimulator.Deploy.0 = Release|x86
		{1AB1ABA2-8EBB-4E0B-9B0C-491B0C84195B}.AppStore|x64.ActiveCfg = Release|x64
		{1AB1ABA2-8EBB-4E0B-9B0C-491B0C84195B}.AppStore|x64.Build.0 = Release|x64
		{1AB1ABA2-8EBB-4E0B-9B0C-491B0C84195B}.AppStore|x64.Deploy.0 = Release|x64
		{1AB1ABA2-8EBB-4E0B-9B0C-491B0C84195B}.AppStore|x86.ActiveCfg = Release|x86
		{1AB1ABA2-8EBB-4E0B-9B0C-491B0C84195B}.AppStore|x86.Build.0 = Release|x86
		{1AB1ABA2-8EBB-4E0B-9B0C-491B0C84195B}.AppStore|x86.Deploy.0 = Release|x86
		{1AB1ABA2-8EBB-4E0B-9B0C-491B0C84195B}.Debug|Any CPU.ActiveCfg = Debug|x86
		{1AB1ABA2-8EBB-4E0B-9B0C-491B0C84195B}.Debug|ARM.ActiveCfg = Debug|ARM
		{1AB1ABA2-8EBB-4E0B-9B0C-491B0C84195B}.Debug|ARM.Build.0 = Debug|ARM
		{1AB1ABA2-8EBB-4E0B-9B0C-491B0C84195B}.Debug|ARM.Deploy.0 = Debug|ARM
		{1AB1ABA2-8EBB-4E0B-9B0C-491B0C84195B}.Debug|iPhone.ActiveCfg = Debug|x86
		{1AB1ABA2-8EBB-4E0B-9B0C-491B0C84195B}.Debug|iPhone.Build.0 = Debug|x86
		{1AB1ABA2-8EBB-4E0B-9B0C-491B0C84195B}.Debug|iPhone.Deploy.0 = Debug|x86
		{1AB1ABA2-8EBB-4E0B-9B0C-491B0C84195B}.Debug|iPhoneSimulator.ActiveCfg = Debug|x86
		{1AB1ABA2-8EBB-4E0B-9B0C-491B0C84195B}.Debug|x64.ActiveCfg = Debug|x64
		{1AB1ABA2-8EBB-4E0B-9B0C-491B0C84195B}.Debug|x64.Build.0 = Debug|x64
		{1AB1ABA2-8EBB-4E0B-9B0C-491B0C84195B}.Debug|x64.Deploy.0 = Debug|x64
		{1AB1ABA2-8EBB-4E0B-9B0C-491B0C84195B}.Debug|x86.ActiveCfg = Debug|x86
		{1AB1ABA2-8EBB-4E0B-9B0C-491B0C84195B}.Debug|x86.Build.0 = Debug|x86
		{1AB1ABA2-8EBB-4E0B-9B0C-491B0C84195B}.Debug|x86.Deploy.0 = Debug|x86
		{1AB1ABA2-8EBB-4E0B-9B0C-491B0C84195B}.Release|Any CPU.ActiveCfg = Release|x86
		{1AB1ABA2-8EBB-4E0B-9B0C-491B0C84195B}.Release|Any CPU.Build.0 = Release|x86
		{1AB1ABA2-8EBB-4E0B-9B0C-491B0C84195B}.Release|Any CPU.Deploy.0 = Release|x86
		{1AB1ABA2-8EBB-4E0B-9B0C-491B0C84195B}.Release|ARM.ActiveCfg = Release|ARM
		{1AB1ABA2-8EBB-4E0B-9B0C-491B0C84195B}.Release|ARM.Build.0 = Release|ARM
		{1AB1ABA2-8EBB-4E0B-9B0C-491B0C84195B}.Release|ARM.Deploy.0 = Release|ARM
		{1AB1ABA2-8EBB-4E0B-9B0C-491B0C84195B}.Release|iPhone.ActiveCfg = Release|x86
		{1AB1ABA2-8EBB-4E0B-9B0C-491B0C84195B}.Release|iPhone.Build.0 = Release|x86
		{1AB1ABA2-8EBB-4E0B-9B0C-491B0C84195B}.Release|iPhone.Deploy.0 = Release|x86
		{1AB1ABA2-8EBB-4E0B-9B0C-491B0C84195B}.Release|iPhoneSimulator.ActiveCfg = Release|x86
		{1AB1ABA2-8EBB-4E0B-9B0C-491B0C84195B}.Release|iPhoneSimulator.Build.0 = Release|x86
		{1AB1ABA2-8EBB-4E0B-9B0C-491B0C84195B}.Release|iPhoneSimulator.Deploy.0 = Release|x86
		{1AB1ABA2-8EBB-4E0B-9B0C-491B0C84195B}.Release|x64.ActiveCfg = Release|x64
		{1AB1ABA2-8EBB-4E0B-9B0C-491B0C84195B}.Release|x64.Build.0 = Release|x64
		{1AB1ABA2-8EBB-4E0B-9B0C-491B0C84195B}.Release|x64.Deploy.0 = Release|x64
		{1AB1ABA2-8EBB-4E0B-9B0C-491B0C84195B}.Release|x86.ActiveCfg = Release|x86
		{1AB1ABA2-8EBB-4E0B-9B0C-491B0C84195B}.Release|x86.Build.0 = Release|x86
		{1AB1ABA2-8EBB-4E0B-9B0C-491B0C84195B}.Release|x86.Deploy.0 = Release|x86
		{EAA26EA8-29E1-4469-B517-7A4EB3D30F68}.Ad-Hoc|Any CPU.ActiveCfg = Debug|Any CPU
		{EAA26EA8-29E1-4469-B517-7A4EB3D30F68}.Ad-Hoc|Any CPU.Build.0 = Debug|Any CPU
		{EAA26EA8-29E1-4469-B517-7A4EB3D30F68}.Ad-Hoc|Any CPU.Deploy.0 = Debug|Any CPU
		{EAA26EA8-29E1-4469-B517-7A4EB3D30F68}.Ad-Hoc|ARM.ActiveCfg = Debug|Any CPU
		{EAA26EA8-29E1-4469-B517-7A4EB3D30F68}.Ad-Hoc|ARM.Build.0 = Debug|Any CPU
		{EAA26EA8-29E1-4469-B517-7A4EB3D30F68}.Ad-Hoc|ARM.Deploy.0 = Debug|Any CPU
		{EAA26EA8-29E1-4469-B517-7A4EB3D30F68}.Ad-Hoc|iPhone.ActiveCfg = Debug|Any CPU
		{EAA26EA8-29E1-4469-B517-7A4EB3D30F68}.Ad-Hoc|iPhone.Build.0 = Debug|Any CPU
		{EAA26EA8-29E1-4469-B517-7A4EB3D30F68}.Ad-Hoc|iPhone.Deploy.0 = Debug|Any CPU
		{EAA26EA8-29E1-4469-B517-7A4EB3D30F68}.Ad-Hoc|iPhoneSimulator.ActiveCfg = Debug|Any CPU
		{EAA26EA8-29E1-4469-B517-7A4EB3D30F68}.Ad-Hoc|iPhoneSimulator.Build.0 = Debug|Any CPU
		{EAA26EA8-29E1-4469-B517-7A4EB3D30F68}.Ad-Hoc|iPhoneSimulator.Deploy.0 = Debug|Any CPU
		{EAA26EA8-29E1-4469-B517-7A4EB3D30F68}.Ad-Hoc|x64.ActiveCfg = Debug|Any CPU
		{EAA26EA8-29E1-4469-B517-7A4EB3D30F68}.Ad-Hoc|x64.Build.0 = Debug|Any CPU
		{EAA26EA8-29E1-4469-B517-7A4EB3D30F68}.Ad-Hoc|x64.Deploy.0 = Debug|Any CPU
		{EAA26EA8-29E1-4469-B517-7A4EB3D30F68}.Ad-Hoc|x86.ActiveCfg = Debug|Any CPU
		{EAA26EA8-29E1-4469-B517-7A4EB3D30F68}.Ad-Hoc|x86.Build.0 = Debug|Any CPU
		{EAA26EA8-29E1-4469-B517-7A4EB3D30F68}.Ad-Hoc|x86.Deploy.0 = Debug|Any CPU
		{EAA26EA8-29E1-4469-B517-7A4EB3D30F68}.AppStore|Any CPU.ActiveCfg = Debug|Any CPU
		{EAA26EA8-29E1-4469-B517-7A4EB3D30F68}.AppStore|Any CPU.Build.0 = Debug|Any CPU
		{EAA26EA8-29E1-4469-B517-7A4EB3D30F68}.AppStore|Any CPU.Deploy.0 = Debug|Any CPU
		{EAA26EA8-29E1-4469-B517-7A4EB3D30F68}.AppStore|ARM.ActiveCfg = Debug|Any CPU
		{EAA26EA8-29E1-4469-B517-7A4EB3D30F68}.AppStore|ARM.Build.0 = Debug|Any CPU
		{EAA26EA8-29E1-4469-B517-7A4EB3D30F68}.AppStore|ARM.Deploy.0 = Debug|Any CPU
		{EAA26EA8-29E1-4469-B517-7A4EB3D30F68}.AppStore|iPhone.ActiveCfg = Debug|Any CPU
		{EAA26EA8-29E1-4469-B517-7A4EB3D30F68}.AppStore|iPhone.Build.0 = Debug|Any CPU
		{EAA26EA8-29E1-4469-B517-7A4EB3D30F68}.AppStore|iPhone.Deploy.0 = Debug|Any CPU
		{EAA26EA8-29E1-4469-B517-7A4EB3D30F68}.AppStore|iPhoneSimulator.ActiveCfg = Debug|Any CPU
		{EAA26EA8-29E1-4469-B517-7A4EB3D30F68}.AppStore|iPhoneSimulator.Build.0 = Debug|Any CPU
		{EAA26EA8-29E1-4469-B517-7A4EB3D30F68}.AppStore|iPhoneSimulator.Deploy.0 = Debug|Any CPU
		{EAA26EA8-29E1-4469-B517-7A4EB3D30F68}.AppStore|x64.ActiveCfg = Debug|Any CPU
		{EAA26EA8-29E1-4469-B517-7A4EB3D30F68}.AppStore|x64.Build.0 = Debug|Any CPU
		{EAA26EA8-29E1-4469-B517-7A4EB3D30F68}.AppStore|x64.Deploy.0 = Debug|Any CPU
		{EAA26EA8-29E1-4469-B517-7A4EB3D30F68}.AppStore|x86.ActiveCfg = Debug|Any CPU
		{EAA26EA8-29E1-4469-B517-7A4EB3D30F68}.AppStore|x86.Build.0 = Debug|Any CPU
		{EAA26EA8-29E1-4469-B517-7A4EB3D30F68}.AppStore|x86.Deploy.0 = Debug|Any CPU
		{EAA26EA8-29E1-4469-B517-7A4EB3D30F68}.Debug|Any CPU.ActiveCfg = Debug|Any CPU
		{EAA26EA8-29E1-4469-B517-7A4EB3D30F68}.Debug|Any CPU.Build.0 = Debug|Any CPU
		{EAA26EA8-29E1-4469-B517-7A4EB3D30F68}.Debug|Any CPU.Deploy.0 = Debug|Any CPU
		{EAA26EA8-29E1-4469-B517-7A4EB3D30F68}.Debug|ARM.ActiveCfg = Debug|Any CPU
		{EAA26EA8-29E1-4469-B517-7A4EB3D30F68}.Debug|ARM.Build.0 = Debug|Any CPU
		{EAA26EA8-29E1-4469-B517-7A4EB3D30F68}.Debug|ARM.Deploy.0 = Debug|Any CPU
		{EAA26EA8-29E1-4469-B517-7A4EB3D30F68}.Debug|iPhone.ActiveCfg = Debug|Any CPU
		{EAA26EA8-29E1-4469-B517-7A4EB3D30F68}.Debug|iPhone.Build.0 = Debug|Any CPU
		{EAA26EA8-29E1-4469-B517-7A4EB3D30F68}.Debug|iPhone.Deploy.0 = Debug|Any CPU
		{EAA26EA8-29E1-4469-B517-7A4EB3D30F68}.Debug|iPhoneSimulator.ActiveCfg = Debug|Any CPU
		{EAA26EA8-29E1-4469-B517-7A4EB3D30F68}.Debug|iPhoneSimulator.Build.0 = Debug|Any CPU
		{EAA26EA8-29E1-4469-B517-7A4EB3D30F68}.Debug|iPhoneSimulator.Deploy.0 = Debug|Any CPU
		{EAA26EA8-29E1-4469-B517-7A4EB3D30F68}.Debug|x64.ActiveCfg = Debug|Any CPU
		{EAA26EA8-29E1-4469-B517-7A4EB3D30F68}.Debug|x64.Build.0 = Debug|Any CPU
		{EAA26EA8-29E1-4469-B517-7A4EB3D30F68}.Debug|x64.Deploy.0 = Debug|Any CPU
		{EAA26EA8-29E1-4469-B517-7A4EB3D30F68}.Debug|x86.ActiveCfg = Debug|Any CPU
		{EAA26EA8-29E1-4469-B517-7A4EB3D30F68}.Debug|x86.Build.0 = Debug|Any CPU
		{EAA26EA8-29E1-4469-B517-7A4EB3D30F68}.Debug|x86.Deploy.0 = Debug|Any CPU
		{EAA26EA8-29E1-4469-B517-7A4EB3D30F68}.Release|Any CPU.ActiveCfg = Release|Any CPU
		{EAA26EA8-29E1-4469-B517-7A4EB3D30F68}.Release|Any CPU.Build.0 = Release|Any CPU
		{EAA26EA8-29E1-4469-B517-7A4EB3D30F68}.Release|Any CPU.Deploy.0 = Release|Any CPU
		{EAA26EA8-29E1-4469-B517-7A4EB3D30F68}.Release|ARM.ActiveCfg = Release|Any CPU
		{EAA26EA8-29E1-4469-B517-7A4EB3D30F68}.Release|ARM.Build.0 = Release|Any CPU
		{EAA26EA8-29E1-4469-B517-7A4EB3D30F68}.Release|ARM.Deploy.0 = Release|Any CPU
		{EAA26EA8-29E1-4469-B517-7A4EB3D30F68}.Release|iPhone.ActiveCfg = Release|Any CPU
		{EAA26EA8-29E1-4469-B517-7A4EB3D30F68}.Release|iPhone.Build.0 = Release|Any CPU
		{EAA26EA8-29E1-4469-B517-7A4EB3D30F68}.Release|iPhone.Deploy.0 = Release|Any CPU
		{EAA26EA8-29E1-4469-B517-7A4EB3D30F68}.Release|iPhoneSimulator.ActiveCfg = Release|Any CPU
		{EAA26EA8-29E1-4469-B517-7A4EB3D30F68}.Release|iPhoneSimulator.Build.0 = Release|Any CPU
		{EAA26EA8-29E1-4469-B517-7A4EB3D30F68}.Release|iPhoneSimulator.Deploy.0 = Release|Any CPU
		{EAA26EA8-29E1-4469-B517-7A4EB3D30F68}.Release|x64.ActiveCfg = Release|Any CPU
		{EAA26EA8-29E1-4469-B517-7A4EB3D30F68}.Release|x64.Build.0 = Release|Any CPU
		{EAA26EA8-29E1-4469-B517-7A4EB3D30F68}.Release|x64.Deploy.0 = Release|Any CPU
		{EAA26EA8-29E1-4469-B517-7A4EB3D30F68}.Release|x86.ActiveCfg = Release|Any CPU
		{EAA26EA8-29E1-4469-B517-7A4EB3D30F68}.Release|x86.Build.0 = Release|Any CPU
		{EAA26EA8-29E1-4469-B517-7A4EB3D30F68}.Release|x86.Deploy.0 = Release|Any CPU
	EndGlobalSection
	GlobalSection(SolutionProperties) = preSolution
		HideSolutionNode = FALSE
	EndGlobalSection
	GlobalSection(ExtensibilityGlobals) = postSolution
		SolutionGuid = {D5BA6B60-E46C-41CF-8EB6-38575074A981}
	EndGlobalSection
EndGlobal
